// !$*UTF8*$!
{
	archiveVersion = 1;
	classes = {
	};
	objectVersion = 46;
	objects = {

/* Begin PBXBuildFile section */
		E21C0F5A19A914DA00F4D810 /* InvaderSprite.swift in Sources */ = {isa = PBXBuildFile; fileRef = E21C0F5919A914DA00F4D810 /* InvaderSprite.swift */; };
		E21C0F5C19A9169700F4D810 /* InvaderASprite.swift in Sources */ = {isa = PBXBuildFile; fileRef = E21C0F5B19A9169700F4D810 /* InvaderASprite.swift */; };
		E21C0F5E19A916A200F4D810 /* InvaderBSprite.swift in Sources */ = {isa = PBXBuildFile; fileRef = E21C0F5D19A916A200F4D810 /* InvaderBSprite.swift */; };
		E21C0F6019A916AB00F4D810 /* InvaderCSprite.swift in Sources */ = {isa = PBXBuildFile; fileRef = E21C0F5F19A916AB00F4D810 /* InvaderCSprite.swift */; };
		E23066E819AFF6B2000AFAC2 /* PlayerMissile.swift in Sources */ = {isa = PBXBuildFile; fileRef = E23066E719AFF6B2000AFAC2 /* PlayerMissile.swift */; };
		E24CB6D719A59A91004C7D93 /* main.swift in Sources */ = {isa = PBXBuildFile; fileRef = E24CB6D619A59A91004C7D93 /* main.swift */; };
		E24CB6D919A59A91004C7D93 /* AppDelegate.swift in Sources */ = {isa = PBXBuildFile; fileRef = E24CB6D819A59A91004C7D93 /* AppDelegate.swift */; };
		E24CB6DB19A59A91004C7D93 /* GameScene.swift in Sources */ = {isa = PBXBuildFile; fileRef = E24CB6DA19A59A91004C7D93 /* GameScene.swift */; };
		E24CB6DD19A59A91004C7D93 /* GameScene.sks in Resources */ = {isa = PBXBuildFile; fileRef = E24CB6DC19A59A91004C7D93 /* GameScene.sks */; };
		E24CB6DF19A59A91004C7D93 /* Images.xcassets in Resources */ = {isa = PBXBuildFile; fileRef = E24CB6DE19A59A91004C7D93 /* Images.xcassets */; };
		E24CB6E219A59A91004C7D93 /* MainMenu.xib in Resources */ = {isa = PBXBuildFile; fileRef = E24CB6E019A59A91004C7D93 /* MainMenu.xib */; };
		E24CB6EE19A59A91004C7D93 /* SpriteKitDesktop1Tests.swift in Sources */ = {isa = PBXBuildFile; fileRef = E24CB6ED19A59A91004C7D93 /* SpriteKitDesktop1Tests.swift */; };
		E2910B2F19B2A34800F00D97 /* InvaderMissile.swift in Sources */ = {isa = PBXBuildFile; fileRef = E2910B2E19B2A34800F00D97 /* InvaderMissile.swift */; };
		E2B75BE419A6D27A00754136 /* PlayerSprite.swift in Sources */ = {isa = PBXBuildFile; fileRef = E2B75BE319A6D27A00754136 /* PlayerSprite.swift */; };
		E2CB67D419A981F40031D8C5 /* InvaderSheet.swift in Sources */ = {isa = PBXBuildFile; fileRef = E2CB67D319A981F40031D8C5 /* InvaderSheet.swift */; };
/* End PBXBuildFile section */

/* Begin PBXContainerItemProxy section */
		E24CB6E819A59A91004C7D93 /* PBXContainerItemProxy */ = {
			isa = PBXContainerItemProxy;
			containerPortal = E24CB6C919A59A91004C7D93 /* Project object */;
			proxyType = 1;
			remoteGlobalIDString = E24CB6D019A59A91004C7D93;
			remoteInfo = SpriteKitDesktop1;
		};
/* End PBXContainerItemProxy section */

/* Begin PBXFileReference section */
		E21C0F5919A914DA00F4D810 /* InvaderSprite.swift */ = {isa = PBXFileReference; fileEncoding = 4; lastKnownFileType = sourcecode.swift; path = InvaderSprite.swift; sourceTree = "<group>"; };
		E21C0F5B19A9169700F4D810 /* InvaderASprite.swift */ = {isa = PBXFileReference; fileEncoding = 4; lastKnownFileType = sourcecode.swift; path = InvaderASprite.swift; sourceTree = "<group>"; };
		E21C0F5D19A916A200F4D810 /* InvaderBSprite.swift */ = {isa = PBXFileReference; fileEncoding = 4; lastKnownFileType = sourcecode.swift; path = InvaderBSprite.swift; sourceTree = "<group>"; };
		E21C0F5F19A916AB00F4D810 /* InvaderCSprite.swift */ = {isa = PBXFileReference; fileEncoding = 4; lastKnownFileType = sourcecode.swift; path = InvaderCSprite.swift; sourceTree = "<group>"; };
		E23066E719AFF6B2000AFAC2 /* PlayerMissile.swift */ = {isa = PBXFileReference; fileEncoding = 4; lastKnownFileType = sourcecode.swift; path = PlayerMissile.swift; sourceTree = "<group>"; };
		E24CB6D119A59A91004C7D93 /* SpriteKitDesktop1.app */ = {isa = PBXFileReference; explicitFileType = wrapper.application; includeInIndex = 0; path = SpriteKitDesktop1.app; sourceTree = BUILT_PRODUCTS_DIR; };
		E24CB6D519A59A91004C7D93 /* Info.plist */ = {isa = PBXFileReference; lastKnownFileType = text.plist.xml; path = Info.plist; sourceTree = "<group>"; };
		E24CB6D619A59A91004C7D93 /* main.swift */ = {isa = PBXFileReference; lastKnownFileType = sourcecode.swift; path = main.swift; sourceTree = "<group>"; };
		E24CB6D819A59A91004C7D93 /* AppDelegate.swift */ = {isa = PBXFileReference; lastKnownFileType = sourcecode.swift; path = AppDelegate.swift; sourceTree = "<group>"; };
		E24CB6DA19A59A91004C7D93 /* GameScene.swift */ = {isa = PBXFileReference; lastKnownFileType = sourcecode.swift; path = GameScene.swift; sourceTree = "<group>"; };
		E24CB6DC19A59A91004C7D93 /* GameScene.sks */ = {isa = PBXFileReference; lastKnownFileType = file.sks; path = GameScene.sks; sourceTree = "<group>"; };
		E24CB6DE19A59A91004C7D93 /* Images.xcassets */ = {isa = PBXFileReference; lastKnownFileType = folder.assetcatalog; path = Images.xcassets; sourceTree = "<group>"; };
		E24CB6E119A59A91004C7D93 /* Base */ = {isa = PBXFileReference; lastKnownFileType = file.xib; name = Base; path = Base.lproj/MainMenu.xib; sourceTree = "<group>"; };
		E24CB6E719A59A91004C7D93 /* SpriteKitDesktop1Tests.xctest */ = {isa = PBXFileReference; explicitFileType = wrapper.cfbundle; includeInIndex = 0; path = SpriteKitDesktop1Tests.xctest; sourceTree = BUILT_PRODUCTS_DIR; };
		E24CB6EC19A59A91004C7D93 /* Info.plist */ = {isa = PBXFileReference; lastKnownFileType = text.plist.xml; path = Info.plist; sourceTree = "<group>"; };
		E24CB6ED19A59A91004C7D93 /* SpriteKitDesktop1Tests.swift */ = {isa = PBXFileReference; lastKnownFileType = sourcecode.swift; path = SpriteKitDesktop1Tests.swift; sourceTree = "<group>"; };
		E2910B2E19B2A34800F00D97 /* InvaderMissile.swift */ = {isa = PBXFileReference; fileEncoding = 4; lastKnownFileType = sourcecode.swift; path = InvaderMissile.swift; sourceTree = "<group>"; };
		E2B75BE319A6D27A00754136 /* PlayerSprite.swift */ = {isa = PBXFileReference; fileEncoding = 4; lastKnownFileType = sourcecode.swift; path = PlayerSprite.swift; sourceTree = "<group>"; };
		E2CB67D319A981F40031D8C5 /* InvaderSheet.swift */ = {isa = PBXFileReference; fileEncoding = 4; lastKnownFileType = sourcecode.swift; path = InvaderSheet.swift; sourceTree = "<group>"; };
/* End PBXFileReference section */

/* Begin PBXFrameworksBuildPhase section */
		E24CB6CE19A59A91004C7D93 /* Frameworks */ = {
			isa = PBXFrameworksBuildPhase;
			buildActionMask = 2147483647;
			files = (
			);
			runOnlyForDeploymentPostprocessing = 0;
		};
		E24CB6E419A59A91004C7D93 /* Frameworks */ = {
			isa = PBXFrameworksBuildPhase;
			buildActionMask = 2147483647;
			files = (
			);
			runOnlyForDeploymentPostprocessing = 0;
		};
/* End PBXFrameworksBuildPhase section */

/* Begin PBXGroup section */
		E24CB6C819A59A91004C7D93 = {
			isa = PBXGroup;
			children = (
				E24CB6D319A59A91004C7D93 /* SpriteKitDesktop1 */,
				E24CB6EA19A59A91004C7D93 /* SpriteKitDesktop1Tests */,
				E24CB6D219A59A91004C7D93 /* Products */,
			);
			sourceTree = "<group>";
		};
		E24CB6D219A59A91004C7D93 /* Products */ = {
			isa = PBXGroup;
			children = (
				E24CB6D119A59A91004C7D93 /* SpriteKitDesktop1.app */,
				E24CB6E719A59A91004C7D93 /* SpriteKitDesktop1Tests.xctest */,
			);
			name = Products;
			sourceTree = "<group>";
		};
		E24CB6D319A59A91004C7D93 /* SpriteKitDesktop1 */ = {
			isa = PBXGroup;
			children = (
				E2B75BE219A6D21300754136 /* Sprites */,
				E24CB6D819A59A91004C7D93 /* AppDelegate.swift */,
				E24CB6DA19A59A91004C7D93 /* GameScene.swift */,
				E24CB6DC19A59A91004C7D93 /* GameScene.sks */,
				E24CB6DE19A59A91004C7D93 /* Images.xcassets */,
				E24CB6E019A59A91004C7D93 /* MainMenu.xib */,
				E24CB6D419A59A91004C7D93 /* Supporting Files */,
			);
			path = SpriteKitDesktop1;
			sourceTree = "<group>";
		};
		E24CB6D419A59A91004C7D93 /* Supporting Files */ = {
			isa = PBXGroup;
			children = (
				E24CB6D519A59A91004C7D93 /* Info.plist */,
				E24CB6D619A59A91004C7D93 /* main.swift */,
			);
			name = "Supporting Files";
			sourceTree = "<group>";
		};
		E24CB6EA19A59A91004C7D93 /* SpriteKitDesktop1Tests */ = {
			isa = PBXGroup;
			children = (
				E24CB6ED19A59A91004C7D93 /* SpriteKitDesktop1Tests.swift */,
				E24CB6EB19A59A91004C7D93 /* Supporting Files */,
			);
			path = SpriteKitDesktop1Tests;
			sourceTree = "<group>";
		};
		E24CB6EB19A59A91004C7D93 /* Supporting Files */ = {
			isa = PBXGroup;
			children = (
				E24CB6EC19A59A91004C7D93 /* Info.plist */,
			);
			name = "Supporting Files";
			sourceTree = "<group>";
		};
		E2B75BE219A6D21300754136 /* Sprites */ = {
			isa = PBXGroup;
			children = (
				E2B75BE319A6D27A00754136 /* PlayerSprite.swift */,
				E21C0F5919A914DA00F4D810 /* InvaderSprite.swift */,
				E21C0F5B19A9169700F4D810 /* InvaderASprite.swift */,
				E21C0F5D19A916A200F4D810 /* InvaderBSprite.swift */,
				E21C0F5F19A916AB00F4D810 /* InvaderCSprite.swift */,
				E2CB67D319A981F40031D8C5 /* InvaderSheet.swift */,
				E23066E719AFF6B2000AFAC2 /* PlayerMissile.swift */,
				E2910B2E19B2A34800F00D97 /* InvaderMissile.swift */,
			);
			name = Sprites;
			sourceTree = "<group>";
		};
/* End PBXGroup section */

/* Begin PBXNativeTarget section */
		E24CB6D019A59A91004C7D93 /* SpriteKitDesktop1 */ = {
			isa = PBXNativeTarget;
			buildConfigurationList = E24CB6F119A59A91004C7D93 /* Build configuration list for PBXNativeTarget "SpriteKitDesktop1" */;
			buildPhases = (
				E24CB6CD19A59A91004C7D93 /* Sources */,
				E24CB6CE19A59A91004C7D93 /* Frameworks */,
				E24CB6CF19A59A91004C7D93 /* Resources */,
			);
			buildRules = (
			);
			dependencies = (
			);
			name = SpriteKitDesktop1;
			productName = SpriteKitDesktop1;
			productReference = E24CB6D119A59A91004C7D93 /* SpriteKitDesktop1.app */;
			productType = "com.apple.product-type.application";
		};
		E24CB6E619A59A91004C7D93 /* SpriteKitDesktop1Tests */ = {
			isa = PBXNativeTarget;
			buildConfigurationList = E24CB6F419A59A91004C7D93 /* Build configuration list for PBXNativeTarget "SpriteKitDesktop1Tests" */;
			buildPhases = (
				E24CB6E319A59A91004C7D93 /* Sources */,
				E24CB6E419A59A91004C7D93 /* Frameworks */,
				E24CB6E519A59A91004C7D93 /* Resources */,
			);
			buildRules = (
			);
			dependencies = (
				E24CB6E919A59A91004C7D93 /* PBXTargetDependency */,
			);
			name = SpriteKitDesktop1Tests;
			productName = SpriteKitDesktop1Tests;
			productReference = E24CB6E719A59A91004C7D93 /* SpriteKitDesktop1Tests.xctest */;
			productType = "com.apple.product-type.bundle.unit-test";
		};
/* End PBXNativeTarget section */

/* Begin PBXProject section */
		E24CB6C919A59A91004C7D93 /* Project object */ = {
			isa = PBXProject;
			attributes = {
				LastUpgradeCheck = 0600;
				ORGANIZATIONNAME = "Tom Elliott";
				TargetAttributes = {
					E24CB6D019A59A91004C7D93 = {
						CreatedOnToolsVersion = 6.0;
					};
					E24CB6E619A59A91004C7D93 = {
						CreatedOnToolsVersion = 6.0;
						TestTargetID = E24CB6D019A59A91004C7D93;
					};
				};
			};
			buildConfigurationList = E24CB6CC19A59A91004C7D93 /* Build configuration list for PBXProject "SpriteKitDesktop1" */;
			compatibilityVersion = "Xcode 3.2";
			developmentRegion = English;
			hasScannedForEncodings = 0;
			knownRegions = (
				en,
				Base,
			);
			mainGroup = E24CB6C819A59A91004C7D93;
			productRefGroup = E24CB6D219A59A91004C7D93 /* Products */;
			projectDirPath = "";
			projectRoot = "";
			targets = (
				E24CB6D019A59A91004C7D93 /* SpriteKitDesktop1 */,
				E24CB6E619A59A91004C7D93 /* SpriteKitDesktop1Tests */,
			);
		};
/* End PBXProject section */

/* Begin PBXResourcesBuildPhase section */
		E24CB6CF19A59A91004C7D93 /* Resources */ = {
			isa = PBXResourcesBuildPhase;
			buildActionMask = 2147483647;
			files = (
				E24CB6DD19A59A91004C7D93 /* GameScene.sks in Resources */,
				E24CB6DF19A59A91004C7D93 /* Images.xcassets in Resources */,
				E24CB6E219A59A91004C7D93 /* MainMenu.xib in Resources */,
			);
			runOnlyForDeploymentPostprocessing = 0;
		};
		E24CB6E519A59A91004C7D93 /* Resources */ = {
			isa = PBXResourcesBuildPhase;
			buildActionMask = 2147483647;
			files = (
			);
			runOnlyForDeploymentPostprocessing = 0;
		};
/* End PBXResourcesBuildPhase section */

/* Begin PBXSourcesBuildPhase section */
		E24CB6CD19A59A91004C7D93 /* Sources */ = {
			isa = PBXSourcesBuildPhase;
			buildActionMask = 2147483647;
			files = (
				E2CB67D419A981F40031D8C5 /* InvaderSheet.swift in Sources */,
				E21C0F5E19A916A200F4D810 /* InvaderBSprite.swift in Sources */,
				E21C0F5A19A914DA00F4D810 /* InvaderSprite.swift in Sources */,
				E21C0F6019A916AB00F4D810 /* InvaderCSprite.swift in Sources */,
				E24CB6DB19A59A91004C7D93 /* GameScene.swift in Sources */,
				E21C0F5C19A9169700F4D810 /* InvaderASprite.swift in Sources */,
				E23066E819AFF6B2000AFAC2 /* PlayerMissile.swift in Sources */,
				E2B75BE419A6D27A00754136 /* PlayerSprite.swift in Sources */,
				E24CB6D919A59A91004C7D93 /* AppDelegate.swift in Sources */,
				E24CB6D719A59A91004C7D93 /* main.swift in Sources */,
				E2910B2F19B2A34800F00D97 /* InvaderMissile.swift in Sources */,
			);
			runOnlyForDeploymentPostprocessing = 0;
		};
		E24CB6E319A59A91004C7D93 /* Sources */ = {
			isa = PBXSourcesBuildPhase;
			buildActionMask = 2147483647;
			files = (
				E24CB6EE19A59A91004C7D93 /* SpriteKitDesktop1Tests.swift in Sources */,
			);
			runOnlyForDeploymentPostprocessing = 0;
		};
/* End PBXSourcesBuildPhase section */

/* Begin PBXTargetDependency section */
		E24CB6E919A59A91004C7D93 /* PBXTargetDependency */ = {
			isa = PBXTargetDependency;
			target = E24CB6D019A59A91004C7D93 /* SpriteKitDesktop1 */;
			targetProxy = E24CB6E819A59A91004C7D93 /* PBXContainerItemProxy */;
		};
/* End PBXTargetDependency section */

/* Begin PBXVariantGroup section */
		E24CB6E019A59A91004C7D93 /* MainMenu.xib */ = {
			isa = PBXVariantGroup;
			children = (
				E24CB6E119A59A91004C7D93 /* Base */,
			);
			name = MainMenu.xib;
			sourceTree = "<group>";
		};
/* End PBXVariantGroup section */

/* Begin XCBuildConfiguration section */
		E24CB6EF19A59A91004C7D93 /* Debug */ = {
			isa = XCBuildConfiguration;
			buildSettings = {
				ALWAYS_SEARCH_USER_PATHS = NO;
				CLANG_CXX_LANGUAGE_STANDARD = "gnu++0x";
				CLANG_CXX_LIBRARY = "libc++";
				CLANG_ENABLE_MODULES = YES;
				CLANG_ENABLE_OBJC_ARC = YES;
				CLANG_WARN_BOOL_CONVERSION = YES;
				CLANG_WARN_CONSTANT_CONVERSION = YES;
				CLANG_WARN_DIRECT_OBJC_ISA_USAGE = YES_ERROR;
				CLANG_WARN_EMPTY_BODY = YES;
				CLANG_WARN_ENUM_CONVERSION = YES;
				CLANG_WARN_INT_CONVERSION = YES;
				CLANG_WARN_OBJC_ROOT_CLASS = YES_ERROR;
				CLANG_WARN_UNREACHABLE_CODE = YES;
				CLANG_WARN__DUPLICATE_METHOD_MATCH = YES;
				CODE_SIGN_IDENTITY = "-";
				COPY_PHASE_STRIP = NO;
				ENABLE_STRICT_OBJC_MSGSEND = YES;
				GCC_C_LANGUAGE_STANDARD = gnu99;
				GCC_DYNAMIC_NO_PIC = NO;
				GCC_OPTIMIZATION_LEVEL = 0;
				GCC_PREPROCESSOR_DEFINITIONS = (
					"DEBUG=1",
					"$(inherited)",
				);
				GCC_SYMBOLS_PRIVATE_EXTERN = NO;
				GCC_WARN_64_TO_32_BIT_CONVERSION = YES;
				GCC_WARN_ABOUT_RETURN_TYPE = YES_ERROR;
				GCC_WARN_UNDECLARED_SELECTOR = YES;
				GCC_WARN_UNINITIALIZED_AUTOS = YES_AGGRESSIVE;
				GCC_WARN_UNUSED_FUNCTION = YES;
				GCC_WARN_UNUSED_VARIABLE = YES;
				MACOSX_DEPLOYMENT_TARGET = 10.9;
				MTL_ENABLE_DEBUG_INFO = YES;
				ONLY_ACTIVE_ARCH = YES;
				SDKROOT = macosx;
				SWIFT_OPTIMIZATION_LEVEL = "-Onone";
			};
			name = Debug;
		};
		E24CB6F019A59A91004C7D93 /* Release */ = {
			isa = XCBuildConfiguration;
			buildSettings = {
				ALWAYS_SEARCH_USER_PATHS = NO;
				CLANG_CXX_LANGUAGE_STANDARD = "gnu++0x";
				CLANG_CXX_LIBRARY = "libc++";
				CLANG_ENABLE_MODULES = YES;
				CLANG_ENABLE_OBJC_ARC = YES;
				CLANG_WARN_BOOL_CONVERSION = YES;
				CLANG_WARN_CONSTANT_CONVERSION = YES;
				CLANG_WARN_DIRECT_OBJC_ISA_USAGE = YES_ERROR;
				CLANG_WARN_EMPTY_BODY = YES;
				CLANG_WARN_ENUM_CONVERSION = YES;
				CLANG_WARN_INT_CONVERSION = YES;
				CLANG_WARN_OBJC_ROOT_CLASS = YES_ERROR;
				CLANG_WARN_UNREACHABLE_CODE = YES;
				CLANG_WARN__DUPLICATE_METHOD_MATCH = YES;
				CODE_SIGN_IDENTITY = "-";
				COPY_PHASE_STRIP = YES;
				DEBUG_INFORMATION_FORMAT = "dwarf-with-dsym";
				ENABLE_NS_ASSERTIONS = NO;
				ENABLE_STRICT_OBJC_MSGSEND = YES;
				GCC_C_LANGUAGE_STANDARD = gnu99;
				GCC_WARN_64_TO_32_BIT_CONVERSION = YES;
				GCC_WARN_ABOUT_RETURN_TYPE = YES_ERROR;
				GCC_WARN_UNDECLARED_SELECTOR = YES;
				GCC_WARN_UNINITIALIZED_AUTOS = YES_AGGRESSIVE;
				GCC_WARN_UNUSED_FUNCTION = YES;
				GCC_WARN_UNUSED_VARIABLE = YES;
				MACOSX_DEPLOYMENT_TARGET = 10.9;
				MTL_ENABLE_DEBUG_INFO = NO;
				SDKROOT = macosx;
			};
			name = Release;
		};
		E24CB6F219A59A91004C7D93 /* Debug */ = {
			isa = XCBuildConfiguration;
			buildSettings = {
				ASSETCATALOG_COMPILER_APPICON_NAME = AppIcon;
				COMBINE_HIDPI_IMAGES = YES;
				INFOPLIST_FILE = SpriteKitDesktop1/Info.plist;
				LD_RUNPATH_SEARCH_PATHS = "$(inherited) @executable_path/../Frameworks";
				PRODUCT_NAME = "$(TARGET_NAME)";
			};
			name = Debug;
		};
		E24CB6F319A59A91004C7D93 /* Release */ = {
			isa = XCBuildConfiguration;
			buildSettings = {
				ASSETCATALOG_COMPILER_APPICON_NAME = AppIcon;
				COMBINE_HIDPI_IMAGES = YES;
				INFOPLIST_FILE = SpriteKitDesktop1/Info.plist;
				LD_RUNPATH_SEARCH_PATHS = "$(inherited) @executable_path/../Frameworks";
				PRODUCT_NAME = "$(TARGET_NAME)";
			};
			name = Release;
		};
		E24CB6F519A59A91004C7D93 /* Debug */ = {
			isa = XCBuildConfiguration;
			buildSettings = {
				BUNDLE_LOADER = "$(TEST_HOST)";
				COMBINE_HIDPI_IMAGES = YES;
				FRAMEWORK_SEARCH_PATHS = (
					"$(DEVELOPER_FRAMEWORKS_DIR)",
					"$(inherited)",
				);
				GCC_PREPROCESSOR_DEFINITIONS = (
					"DEBUG=1",
					"$(inherited)",
				);
				INFOPLIST_FILE = SpriteKitDesktop1Tests/Info.plist;
				LD_RUNPATH_SEARCH_PATHS = "$(inherited) @executable_path/../Frameworks @loader_path/../Frameworks";
				PRODUCT_NAME = "$(TARGET_NAME)";
				TEST_HOST = "$(BUILT_PRODUCTS_DIR)/SpriteKitDesktop1.app/Contents/MacOS/SpriteKitDesktop1";
			};
			name = Debug;
		};
		E24CB6F619A59A91004C7D93 /* Release */ = {
			isa = XCBuildConfiguration;
			buildSettings = {
				BUNDLE_LOADER = "$(TEST_HOST)";
				COMBINE_HIDPI_IMAGES = YES;
				FRAMEWORK_SEARCH_PATHS = (
					"$(DEVELOPER_FRAMEWORKS_DIR)",
					"$(inherited)",
				);
				INFOPLIST_FILE = SpriteKitDesktop1Tests/Info.plist;
				LD_RUNPATH_SEARCH_PATHS = "$(inherited) @executable_path/../Frameworks @loader_path/../Frameworks";
				PRODUCT_NAME = "$(TARGET_NAME)";
				TEST_HOST = "$(BUILT_PRODUCTS_DIR)/SpriteKitDesktop1.app/Contents/MacOS/SpriteKitDesktop1";
			};
			name = Release;
		};
/* End XCBuildConfiguration section */

/* Begin XCConfigurationList section */
		E24CB6CC19A59A91004C7D93 /* Build configuration list for PBXProject "SpriteKitDesktop1" */ = {
			isa = XCConfigurationList;
			buildConfigurations = (
				E24CB6EF19A59A91004C7D93 /* Debug */,
				E24CB6F019A59A91004C7D93 /* Release */,
			);
			defaultConfigurationIsVisible = 0;
			defaultConfigurationName = Release;
		};
		E24CB6F119A59A91004C7D93 /* Build configuration list for PBXNativeTarget "SpriteKitDesktop1" */ = {
			isa = XCConfigurationList;
			buildConfigurations = (
				E24CB6F219A59A91004C7D93 /* Debug */,
				E24CB6F319A59A91004C7D93 /* Release */,
			);
			defaultConfigurationIsVisible = 0;
			defaultConfigurationName = Release;
		};
		E24CB6F419A59A91004C7D93 /* Build configuration list for PBXNativeTarget "SpriteKitDesktop1Tests" */ = {
			isa = XCConfigurationList;
			buildConfigurations = (
				E24CB6F519A59A91004C7D93 /* Debug */,
				E24CB6F619A59A91004C7D93 /* Release */,
			);
			defaultConfigurationIsVisible = 0;
			defaultConfigurationName = Release;
		};
/* End XCConfigurationList section */
	};
	rootObject = E24CB6C919A59A91004C7D93 /* Project object */;
}
